
Microsoft Visual Studio Solution File, Format Version 12.00
# Visual Studio 2013
VisualStudioVersion = 12.0.40629.0
MinimumVisualStudioVersion = 10.0.40219.1
Project("{2150E333-8FDC-42A3-9474-1A3956D46DE8}") = "UI", "UI", "{9F64A1BF-7F32-48CE-80E6-E26EED911B55}"
EndProject
Project("{2150E333-8FDC-42A3-9474-1A3956D46DE8}") = "Libraries", "Libraries", "{79F9302B-D142-4C59-BC02-FD8698E1AA48}"
EndProject
Project("{2150E333-8FDC-42A3-9474-1A3956D46DE8}") = "DataAccess", "DataAccess", "{40D484D4-9E2B-4A71-B04A-6A5596F6E4EB}"
EndProject
Project("{FAE04EC0-301F-11D3-BF4B-00C04F79EFBC}") = "EC.DataAccess", "DataAccess\EC.DataAccess\EC.DataAccess.csproj", "{B125F758-3145-4528-8629-44635A80468E}"
EndProject
Project("{FAE04EC0-301F-11D3-BF4B-00C04F79EFBC}") = "EC.Libraries.Core", "Libraries\EC.Libraries.Core\EC.Libraries.Core.csproj", "{87C45A44-5BE9-4F1F-8711-A649F981D4D3}"
EndProject
Project("{2150E333-8FDC-42A3-9474-1A3956D46DE8}") = "EC", "EC", "{A0718F4C-A307-4F91-8B9A-4AE83579731B}"
EndProject
Project("{FAE04EC0-301F-11D3-BF4B-00C04F79EFBC}") = "EC.Entity", "EC\EC.Entity\EC.Entity.csproj", "{2D1497EB-AB53-480C-A37F-87F9941B3E0D}"
EndProject
Project("{FAE04EC0-301F-11D3-BF4B-00C04F79EFBC}") = "EC.Libraries.Email", "Libraries\EC.Libraries.Email\EC.Libraries.Email.csproj", "{FEC15073-F4F1-40E5-8F04-9AD4D14CCA8C}"
EndProject
Project("{FAE04EC0-301F-11D3-BF4B-00C04F79EFBC}") = "EC.Libraries.Framework", "Libraries\EC.Libraries.Framework\EC.Libraries.Framework.csproj", "{8CFE1285-AC06-40DE-A0A5-7D98A7FDD174}"
EndProject
Project("{FAE04EC0-301F-11D3-BF4B-00C04F79EFBC}") = "EC.Libraries.Util", "Libraries\EC.Libraries.Util\EC.Libraries.Util.csproj", "{5EAA7AD8-EDD2-4832-8462-9E105D191E2E}"
EndProject
Project("{FAE04EC0-301F-11D3-BF4B-00C04F79EFBC}") = "EC.Application", "EC\EC.Application\EC.Application.csproj", "{A3048687-1A6E-4CE3-8DC1-359D79ADA880}"
EndProject
Project("{FAE04EC0-301F-11D3-BF4B-00C04F79EFBC}") = "EC.DataAccess.MySql", "DataAccess\EC.DataAccess.MySql\EC.DataAccess.MySql.csproj", "{9D905D99-476D-4FE6-9B13-809D7BA388B1}"
EndProject
Project("{2150E333-8FDC-42A3-9474-1A3956D46DE8}") = ".nuget", ".nuget", "{BFC4FF9F-6791-438D-A5B7-D23DBBB57EA6}"
	ProjectSection(SolutionItems) = preProject
		.nuget\NuGet.Config = .nuget\NuGet.Config
		.nuget\NuGet.exe = .nuget\NuGet.exe
		.nuget\NuGet.targets = .nuget\NuGet.targets
	EndProjectSection
EndProject
Project("{FAE04EC0-301F-11D3-BF4B-00C04F79EFBC}") = "EC.Libraries.Redis", "Libraries\EC.Libraries.Redis\EC.Libraries.Redis.csproj", "{DFCD7C94-CDA3-4D26-8E7C-6DD4C3386A4A}"
EndProject
Project("{FAE04EC0-301F-11D3-BF4B-00C04F79EFBC}") = "EC.Libraries.WeiXin", "Libraries\EC.Libraries.WeiXin\EC.Libraries.WeiXin.csproj", "{C25368F6-6641-4C86-AE6F-5BF2DD80B048}"
EndProject
Project("{FAE04EC0-301F-11D3-BF4B-00C04F79EFBC}") = "EC.ConsoleApp", "EC.ConsoleApp\EC.ConsoleApp.csproj", "{806647D3-3E08-401D-AB12-DDE6F8CFE5EC}"
EndProject
Project("{FAE04EC0-301F-11D3-BF4B-00C04F79EFBC}") = "EC.H5", "UI\EC.H5\EC.H5.csproj", "{34948476-EF44-4CF6-B17C-E95BEBCDAFA7}"
EndProject
Project("{FAE04EC0-301F-11D3-BF4B-00C04F79EFBC}") = "EC.WeiXin", "UI\EC.WeiXin\EC.WeiXin.csproj", "{B63BA1A4-5B0E-4ADF-BCC2-4128EA666795}"
EndProject
Project("{FAE04EC0-301F-11D3-BF4B-00C04F79EFBC}") = "WebApplication1", "WebApplication1\WebApplication1.csproj", "{777D94FD-DE6C-4FB2-91D3-36886666C3E5}"
EndProject
Global
	GlobalSection(SolutionConfigurationPlatforms) = preSolution
		Debug|Any CPU = Debug|Any CPU
		Release|Any CPU = Release|Any CPU
	EndGlobalSection
	GlobalSection(ProjectConfigurationPlatforms) = postSolution
		{B125F758-3145-4528-8629-44635A80468E}.Debug|Any CPU.ActiveCfg = Debug|Any CPU
		{B125F758-3145-4528-8629-44635A80468E}.Debug|Any CPU.Build.0 = Debug|Any CPU
		{B125F758-3145-4528-8629-44635A80468E}.Release|Any CPU.ActiveCfg = Release|Any CPU
		{B125F758-3145-4528-8629-44635A80468E}.Release|Any CPU.Build.0 = Release|Any CPU
		{87C45A44-5BE9-4F1F-8711-A649F981D4D3}.Debug|Any CPU.ActiveCfg = Debug|Any CPU
		{87C45A44-5BE9-4F1F-8711-A649F981D4D3}.Debug|Any CPU.Build.0 = Debug|Any CPU
		{87C45A44-5BE9-4F1F-8711-A649F981D4D3}.Release|Any CPU.ActiveCfg = Release|Any CPU
		{87C45A44-5BE9-4F1F-8711-A649F981D4D3}.Release|Any CPU.Build.0 = Release|Any CPU
		{2D1497EB-AB53-480C-A37F-87F9941B3E0D}.Debug|Any CPU.ActiveCfg = Debug|Any CPU
		{2D1497EB-AB53-480C-A37F-87F9941B3E0D}.Debug|Any CPU.Build.0 = Debug|Any CPU
		{2D1497EB-AB53-480C-A37F-87F9941B3E0D}.Release|Any CPU.ActiveCfg = Release|Any CPU
		{2D1497EB-AB53-480C-A37F-87F9941B3E0D}.Release|Any CPU.Build.0 = Release|Any CPU
		{FEC15073-F4F1-40E5-8F04-9AD4D14CCA8C}.Debug|Any CPU.ActiveCfg = Debug|Any CPU
		{FEC15073-F4F1-40E5-8F04-9AD4D14CCA8C}.Debug|Any CPU.Build.0 = Debug|Any CPU
		{FEC15073-F4F1-40E5-8F04-9AD4D14CCA8C}.Release|Any CPU.ActiveCfg = Release|Any CPU
		{FEC15073-F4F1-40E5-8F04-9AD4D14CCA8C}.Release|Any CPU.Build.0 = Release|Any CPU
		{8CFE1285-AC06-40DE-A0A5-7D98A7FDD174}.Debug|Any CPU.ActiveCfg = Debug|Any CPU
		{8CFE1285-AC06-40DE-A0A5-7D98A7FDD174}.Debug|Any CPU.Build.0 = Debug|Any CPU
		{8CFE1285-AC06-40DE-A0A5-7D98A7FDD174}.Release|Any CPU.ActiveCfg = Release|Any CPU
		{8CFE1285-AC06-40DE-A0A5-7D98A7FDD174}.Release|Any CPU.Build.0 = Release|Any CPU
		{5EAA7AD8-EDD2-4832-8462-9E105D191E2E}.Debug|Any CPU.ActiveCfg = Debug|Any CPU
		{5EAA7AD8-EDD2-4832-8462-9E105D191E2E}.Debug|Any CPU.Build.0 = Debug|Any CPU
		{5EAA7AD8-EDD2-4832-8462-9E105D191E2E}.Release|Any CPU.ActiveCfg = Release|Any CPU
		{5EAA7AD8-EDD2-4832-8462-9E105D191E2E}.Release|Any CPU.Build.0 = Release|Any CPU
		{A3048687-1A6E-4CE3-8DC1-359D79ADA880}.Debug|Any CPU.ActiveCfg = Debug|Any CPU
		{A3048687-1A6E-4CE3-8DC1-359D79ADA880}.Debug|Any CPU.Build.0 = Debug|Any CPU
		{A3048687-1A6E-4CE3-8DC1-359D79ADA880}.Release|Any CPU.ActiveCfg = Release|Any CPU
		{A3048687-1A6E-4CE3-8DC1-359D79ADA880}.Release|Any CPU.Build.0 = Release|Any CPU
		{9D905D99-476D-4FE6-9B13-809D7BA388B1}.Debug|Any CPU.ActiveCfg = Debug|Any CPU
		{9D905D99-476D-4FE6-9B13-809D7BA388B1}.Debug|Any CPU.Build.0 = Debug|Any CPU
		{9D905D99-476D-4FE6-9B13-809D7BA388B1}.Release|Any CPU.ActiveCfg = Release|Any CPU
		{9D905D99-476D-4FE6-9B13-809D7BA388B1}.Release|Any CPU.Build.0 = Release|Any CPU
		{DFCD7C94-CDA3-4D26-8E7C-6DD4C3386A4A}.Debug|Any CPU.ActiveCfg = Debug|Any CPU
		{DFCD7C94-CDA3-4D26-8E7C-6DD4C3386A4A}.Debug|Any CPU.Build.0 = Debug|Any CPU
		{DFCD7C94-CDA3-4D26-8E7C-6DD4C3386A4A}.Release|Any CPU.ActiveCfg = Release|Any CPU
		{DFCD7C94-CDA3-4D26-8E7C-6DD4C3386A4A}.Release|Any CPU.Build.0 = Release|Any CPU
		{C25368F6-6641-4C86-AE6F-5BF2DD80B048}.Debug|Any CPU.ActiveCfg = Debug|Any CPU
		{C25368F6-6641-4C86-AE6F-5BF2DD80B048}.Debug|Any CPU.Build.0 = Debug|Any CPU
		{C25368F6-6641-4C86-AE6F-5BF2DD80B048}.Release|Any CPU.ActiveCfg = Release|Any CPU
		{C25368F6-6641-4C86-AE6F-5BF2DD80B048}.Release|Any CPU.Build.0 = Release|Any CPU
		{806647D3-3E08-401D-AB12-DDE6F8CFE5EC}.Debug|Any CPU.ActiveCfg = Debug|Any CPU
		{806647D3-3E08-401D-AB12-DDE6F8CFE5EC}.Debug|Any CPU.Build.0 = Debug|Any CPU
		{806647D3-3E08-401D-AB12-DDE6F8CFE5EC}.Release|Any CPU.ActiveCfg = Release|Any CPU
		{806647D3-3E08-401D-AB12-DDE6F8CFE5EC}.Release|Any CPU.Build.0 = Release|Any CPU
		{34948476-EF44-4CF6-B17C-E95BEBCDAFA7}.Debug|Any CPU.ActiveCfg = Debug|Any CPU
		{34948476-EF44-4CF6-B17C-E95BEBCDAFA7}.Debug|Any CPU.Build.0 = Debug|Any CPU
		{34948476-EF44-4CF6-B17C-E95BEBCDAFA7}.Release|Any CPU.ActiveCfg = Release|Any CPU
		{34948476-EF44-4CF6-B17C-E95BEBCDAFA7}.Release|Any CPU.Build.0 = Release|Any CPU
		{B63BA1A4-5B0E-4ADF-BCC2-4128EA666795}.Debug|Any CPU.ActiveCfg = Debug|Any CPU
		{B63BA1A4-5B0E-4ADF-BCC2-4128EA666795}.Debug|Any CPU.Build.0 = Debug|Any CPU
		{B63BA1A4-5B0E-4ADF-BCC2-4128EA666795}.Release|Any CPU.ActiveCfg = Release|Any CPU
		{B63BA1A4-5B0E-4ADF-BCC2-4128EA666795}.Release|Any CPU.Build.0 = Release|Any CPU
		{777D94FD-DE6C-4FB2-91D3-36886666C3E5}.Debug|Any CPU.ActiveCfg = Debug|Any CPU
		{777D94FD-DE6C-4FB2-91D3-36886666C3E5}.Debug|Any CPU.Build.0 = Debug|Any CPU
		{777D94FD-DE6C-4FB2-91D3-36886666C3E5}.Release|Any CPU.ActiveCfg = Release|Any CPU
		{777D94FD-DE6C-4FB2-91D3-36886666C3E5}.Release|Any CPU.Build.0 = Release|Any CPU
	EndGlobalSection
	GlobalSection(SolutionProperties) = preSolution
		HideSolutionNode = FALSE
	EndGlobalSection
	GlobalSection(NestedProjects) = preSolution
		{B125F758-3145-4528-8629-44635A80468E} = {40D484D4-9E2B-4A71-B04A-6A5596F6E4EB}
		{87C45A44-5BE9-4F1F-8711-A649F981D4D3} = {79F9302B-D142-4C59-BC02-FD8698E1AA48}
		{2D1497EB-AB53-480C-A37F-87F9941B3E0D} = {A0718F4C-A307-4F91-8B9A-4AE83579731B}
		{FEC15073-F4F1-40E5-8F04-9AD4D14CCA8C} = {79F9302B-D142-4C59-BC02-FD8698E1AA48}
		{8CFE1285-AC06-40DE-A0A5-7D98A7FDD174} = {79F9302B-D142-4C59-BC02-FD8698E1AA48}
		{5EAA7AD8-EDD2-4832-8462-9E105D191E2E} = {79F9302B-D142-4C59-BC02-FD8698E1AA48}
		{A3048687-1A6E-4CE3-8DC1-359D79ADA880} = {A0718F4C-A307-4F91-8B9A-4AE83579731B}
		{9D905D99-476D-4FE6-9B13-809D7BA388B1} = {40D484D4-9E2B-4A71-B04A-6A5596F6E4EB}
		{DFCD7C94-CDA3-4D26-8E7C-6DD4C3386A4A} = {79F9302B-D142-4C59-BC02-FD8698E1AA48}
		{C25368F6-6641-4C86-AE6F-5BF2DD80B048} = {79F9302B-D142-4C59-BC02-FD8698E1AA48}
		{34948476-EF44-4CF6-B17C-E95BEBCDAFA7} = {9F64A1BF-7F32-48CE-80E6-E26EED911B55}
		{B63BA1A4-5B0E-4ADF-BCC2-4128EA666795} = {9F64A1BF-7F32-48CE-80E6-E26EED911B55}
		{777D94FD-DE6C-4FB2-91D3-36886666C3E5} = {9F64A1BF-7F32-48CE-80E6-E26EED911B55}
	EndGlobalSection
	GlobalSection(ExtensibilityGlobals) = postSolution
		SolutionGuid = {8608B0BB-6F18-4D6C-B453-0FA780940088}
	EndGlobalSection
EndGlobal
